
Microsoft Visual Studio Solution File, Format Version 12.00
Project("{FAE04EC0-301F-11D3-BF4B-00C04F79EFBC}") = "OnderhoudsbuddyWeb", "OnderhoudsbuddyWeb\OnderhoudsbuddyWeb.csproj", "{C32E42D7-9719-49D6-ACA2-9D38620EAB9B}"
EndProject
Project("{FAE04EC0-301F-11D3-BF4B-00C04F79EFBC}") = "Domain", "Domain\Domain.csproj", "{7727111E-C18B-4274-B22B-DFD93B565FB5}"
EndProject
Project("{FAE04EC0-301F-11D3-BF4B-00C04F79EFBC}") = "Dal", "Dal\Dal.csproj", "{39FCD5CC-C0AB-4F57-AC15-E7BF809810E9}"
EndProject
Project("{FAE04EC0-301F-11D3-BF4B-00C04F79EFBC}") = "Business", "Business\Business.csproj", "{BE400450-8E73-413E-8B12-24081CF974D8}"
EndProject
Project("{FAE04EC0-301F-11D3-BF4B-00C04F79EFBC}") = "Models", "Models\Models.csproj", "{1F6F1D7D-B376-41E2-8522-8E638CBFC9BA}"
EndProject
Project("{FAE04EC0-301F-11D3-BF4B-00C04F79EFBC}") = "UnitTests", "UnitTests\UnitTests.csproj", "{B6F3633C-4BBD-467A-A2A7-FA68A1CA809F}"
EndProject
Global
	GlobalSection(SolutionConfigurationPlatforms) = preSolution
		Debug|Any CPU = Debug|Any CPU
		Release|Any CPU = Release|Any CPU
	EndGlobalSection
	GlobalSection(ProjectConfigurationPlatforms) = postSolution
		{C32E42D7-9719-49D6-ACA2-9D38620EAB9B}.Debug|Any CPU.ActiveCfg = Debug|Any CPU
		{C32E42D7-9719-49D6-ACA2-9D38620EAB9B}.Debug|Any CPU.Build.0 = Debug|Any CPU
		{C32E42D7-9719-49D6-ACA2-9D38620EAB9B}.Release|Any CPU.ActiveCfg = Release|Any CPU
		{C32E42D7-9719-49D6-ACA2-9D38620EAB9B}.Release|Any CPU.Build.0 = Release|Any CPU
		{7727111E-C18B-4274-B22B-DFD93B565FB5}.Debug|Any CPU.ActiveCfg = Debug|Any CPU
		{7727111E-C18B-4274-B22B-DFD93B565FB5}.Debug|Any CPU.Build.0 = Debug|Any CPU
		{7727111E-C18B-4274-B22B-DFD93B565FB5}.Release|Any CPU.ActiveCfg = Release|Any CPU
		{7727111E-C18B-4274-B22B-DFD93B565FB5}.Release|Any CPU.Build.0 = Release|Any CPU
		{39FCD5CC-C0AB-4F57-AC15-E7BF809810E9}.Debug|Any CPU.ActiveCfg = Debug|Any CPU
		{39FCD5CC-C0AB-4F57-AC15-E7BF809810E9}.Debug|Any CPU.Build.0 = Debug|Any CPU
		{39FCD5CC-C0AB-4F57-AC15-E7BF809810E9}.Release|Any CPU.ActiveCfg = Release|Any CPU
		{39FCD5CC-C0AB-4F57-AC15-E7BF809810E9}.Release|Any CPU.Build.0 = Release|Any CPU
		{BE400450-8E73-413E-8B12-24081CF974D8}.Debug|Any CPU.ActiveCfg = Debug|Any CPU
		{BE400450-8E73-413E-8B12-24081CF974D8}.Debug|Any CPU.Build.0 = Debug|Any CPU
		{BE400450-8E73-413E-8B12-24081CF974D8}.Release|Any CPU.ActiveCfg = Release|Any CPU
		{BE400450-8E73-413E-8B12-24081CF974D8}.Release|Any CPU.Build.0 = Release|Any CPU
		{1F6F1D7D-B376-41E2-8522-8E638CBFC9BA}.Debug|Any CPU.ActiveCfg = Debug|Any CPU
		{1F6F1D7D-B376-41E2-8522-8E638CBFC9BA}.Debug|Any CPU.Build.0 = Debug|Any CPU
		{1F6F1D7D-B376-41E2-8522-8E638CBFC9BA}.Release|Any CPU.ActiveCfg = Release|Any CPU
		{1F6F1D7D-B376-41E2-8522-8E638CBFC9BA}.Release|Any CPU.Build.0 = Release|Any CPU
		{B6F3633C-4BBD-467A-A2A7-FA68A1CA809F}.Debug|Any CPU.ActiveCfg = Debug|Any CPU
		{B6F3633C-4BBD-467A-A2A7-FA68A1CA809F}.Debug|Any CPU.Build.0 = Debug|Any CPU
		{B6F3633C-4BBD-467A-A2A7-FA68A1CA809F}.Release|Any CPU.ActiveCfg = Release|Any CPU
		{B6F3633C-4BBD-467A-A2A7-FA68A1CA809F}.Release|Any CPU.Build.0 = Release|Any CPU
	EndGlobalSection
EndGlobal
